
Microsoft Visual Studio Solution File, Format Version 12.00
# Visual Studio Version 16
VisualStudioVersion = 16.0.29519.87
MinimumVisualStudioVersion = 10.0.40219.1
Project("{9A19103F-16F7-4668-BE54-9A1E7A4F7556}") = "EpamHometask4", "EpamHometask2\EpamHometask4.csproj", "{5D7B5711-7B15-4AAE-A5DB-509A21A55244}"
EndProject
Global
	GlobalSection(SolutionConfigurationPlatforms) = preSolution
		Debug|Any CPU = Debug|Any CPU
		Release|Any CPU = Release|Any CPU
	EndGlobalSection
	GlobalSection(ProjectConfigurationPlatforms) = postSolution
		{5D7B5711-7B15-4AAE-A5DB-509A21A55244}.Debug|Any CPU.ActiveCfg = Debug|Any CPU
		{5D7B5711-7B15-4AAE-A5DB-509A21A55244}.Debug|Any CPU.Build.0 = Debug|Any CPU
		{5D7B5711-7B15-4AAE-A5DB-509A21A55244}.Release|Any CPU.ActiveCfg = Release|Any CPU
		{5D7B5711-7B15-4AAE-A5DB-509A21A55244}.Release|Any CPU.Build.0 = Release|Any CPU
	EndGlobalSection
	GlobalSection(SolutionProperties) = preSolution
		HideSolutionNode = FALSE
	EndGlobalSection
	GlobalSection(ExtensibilityGlobals) = postSolution
		SolutionGuid = {515459D9-1F61-438A-8A41-93E4841A22C6}
	EndGlobalSection
EndGlobal
